
Microsoft Visual Studio Solution File, Format Version 12.00
# Visual Studio Version 16
VisualStudioVersion = 16.0.30114.105
MinimumVisualStudioVersion = 10.0.40219.1
Project("{FAE04EC0-301F-11D3-BF4B-00C04F79EFBC}") = "API", "API\API.csproj", "{09FE63E8-A970-44E7-B6A3-65EF82F94FB0}"
EndProject
Project("{FAE04EC0-301F-11D3-BF4B-00C04F79EFBC}") = "Core", "Core\Core.csproj", "{1BAB11C8-755B-43ED-8BC6-EF3C7D4B6658}"
EndProject
Project("{FAE04EC0-301F-11D3-BF4B-00C04F79EFBC}") = "Infrastructure", "Infrastructure\Infrastructure.csproj", "{6DE4DBC7-6A80-46FF-93FD-33DFD9CFF2C1}"
EndProject
Global
	GlobalSection(SolutionConfigurationPlatforms) = preSolution
		Debug|Any CPU = Debug|Any CPU
		Debug|x64 = Debug|x64
		Debug|x86 = Debug|x86
		Release|Any CPU = Release|Any CPU
		Release|x64 = Release|x64
		Release|x86 = Release|x86
	EndGlobalSection
	GlobalSection(SolutionProperties) = preSolution
		HideSolutionNode = FALSE
	EndGlobalSection
	GlobalSection(ProjectConfigurationPlatforms) = postSolution
		{09FE63E8-A970-44E7-B6A3-65EF82F94FB0}.Debug|Any CPU.ActiveCfg = Debug|Any CPU
		{09FE63E8-A970-44E7-B6A3-65EF82F94FB0}.Debug|Any CPU.Build.0 = Debug|Any CPU
		{09FE63E8-A970-44E7-B6A3-65EF82F94FB0}.Debug|x64.ActiveCfg = Debug|Any CPU
		{09FE63E8-A970-44E7-B6A3-65EF82F94FB0}.Debug|x64.Build.0 = Debug|Any CPU
		{09FE63E8-A970-44E7-B6A3-65EF82F94FB0}.Debug|x86.ActiveCfg = Debug|Any CPU
		{09FE63E8-A970-44E7-B6A3-65EF82F94FB0}.Debug|x86.Build.0 = Debug|Any CPU
		{09FE63E8-A970-44E7-B6A3-65EF82F94FB0}.Release|Any CPU.ActiveCfg = Release|Any CPU
		{09FE63E8-A970-44E7-B6A3-65EF82F94FB0}.Release|Any CPU.Build.0 = Release|Any CPU
		{09FE63E8-A970-44E7-B6A3-65EF82F94FB0}.Release|x64.ActiveCfg = Release|Any CPU
		{09FE63E8-A970-44E7-B6A3-65EF82F94FB0}.Release|x64.Build.0 = Release|Any CPU
		{09FE63E8-A970-44E7-B6A3-65EF82F94FB0}.Release|x86.ActiveCfg = Release|Any CPU
		{09FE63E8-A970-44E7-B6A3-65EF82F94FB0}.Release|x86.Build.0 = Release|Any CPU
		{1BAB11C8-755B-43ED-8BC6-EF3C7D4B6658}.Debug|Any CPU.ActiveCfg = Debug|Any CPU
		{1BAB11C8-755B-43ED-8BC6-EF3C7D4B6658}.Debug|Any CPU.Build.0 = Debug|Any CPU
		{1BAB11C8-755B-43ED-8BC6-EF3C7D4B6658}.Debug|x64.ActiveCfg = Debug|Any CPU
		{1BAB11C8-755B-43ED-8BC6-EF3C7D4B6658}.Debug|x64.Build.0 = Debug|Any CPU
		{1BAB11C8-755B-43ED-8BC6-EF3C7D4B6658}.Debug|x86.ActiveCfg = Debug|Any CPU
		{1BAB11C8-755B-43ED-8BC6-EF3C7D4B6658}.Debug|x86.Build.0 = Debug|Any CPU
		{1BAB11C8-755B-43ED-8BC6-EF3C7D4B6658}.Release|Any CPU.ActiveCfg = Release|Any CPU
		{1BAB11C8-755B-43ED-8BC6-EF3C7D4B6658}.Release|Any CPU.Build.0 = Release|Any CPU
		{1BAB11C8-755B-43ED-8BC6-EF3C7D4B6658}.Release|x64.ActiveCfg = Release|Any CPU
		{1BAB11C8-755B-43ED-8BC6-EF3C7D4B6658}.Release|x64.Build.0 = Release|Any CPU
		{1BAB11C8-755B-43ED-8BC6-EF3C7D4B6658}.Release|x86.ActiveCfg = Release|Any CPU
		{1BAB11C8-755B-43ED-8BC6-EF3C7D4B6658}.Release|x86.Build.0 = Release|Any CPU
		{6DE4DBC7-6A80-46FF-93FD-33DFD9CFF2C1}.Debug|Any CPU.ActiveCfg = Debug|Any CPU
		{6DE4DBC7-6A80-46FF-93FD-33DFD9CFF2C1}.Debug|Any CPU.Build.0 = Debug|Any CPU
		{6DE4DBC7-6A80-46FF-93FD-33DFD9CFF2C1}.Debug|x64.ActiveCfg = Debug|Any CPU
		{6DE4DBC7-6A80-46FF-93FD-33DFD9CFF2C1}.Debug|x64.Build.0 = Debug|Any CPU
		{6DE4DBC7-6A80-46FF-93FD-33DFD9CFF2C1}.Debug|x86.ActiveCfg = Debug|Any CPU
		{6DE4DBC7-6A80-46FF-93FD-33DFD9CFF2C1}.Debug|x86.Build.0 = Debug|Any CPU
		{6DE4DBC7-6A80-46FF-93FD-33DFD9CFF2C1}.Release|Any CPU.ActiveCfg = Release|Any CPU
		{6DE4DBC7-6A80-46FF-93FD-33DFD9CFF2C1}.Release|Any CPU.Build.0 = Release|Any CPU
		{6DE4DBC7-6A80-46FF-93FD-33DFD9CFF2C1}.Release|x64.ActiveCfg = Release|Any CPU
		{6DE4DBC7-6A80-46FF-93FD-33DFD9CFF2C1}.Release|x64.Build.0 = Release|Any CPU
		{6DE4DBC7-6A80-46FF-93FD-33DFD9CFF2C1}.Release|x86.ActiveCfg = Release|Any CPU
		{6DE4DBC7-6A80-46FF-93FD-33DFD9CFF2C1}.Release|x86.Build.0 = Release|Any CPU
	EndGlobalSection
EndGlobal
